
Microsoft Visual Studio Solution File, Format Version 12.00
# Visual Studio Version 17
VisualStudioVersion = 17.13.35806.99
MinimumVisualStudioVersion = 10.0.40219.1
Project("{FAE04EC0-301F-11D3-BF4B-00C04F79EFBC}") = "ConsoleAppInterview", "ConsoleAppInterview\ConsoleAppInterview.csproj", "{7F319C77-98EB-4BF0-B614-00BBBA9055F9}"
EndProject
Project("{FAE04EC0-301F-11D3-BF4B-00C04F79EFBC}") = "AccessSpecifier", "AccessSpecifier\AccessSpecifier.csproj", "{561FDC38-FF5A-49C4-A091-28FEC188E14A}"
EndProject
Global
	GlobalSection(SolutionConfigurationPlatforms) = preSolution
		Debug|Any CPU = Debug|Any CPU
		Release|Any CPU = Release|Any CPU
	EndGlobalSection
	GlobalSection(ProjectConfigurationPlatforms) = postSolution
		{7F319C77-98EB-4BF0-B614-00BBBA9055F9}.Debug|Any CPU.ActiveCfg = Debug|Any CPU
		{7F319C77-98EB-4BF0-B614-00BBBA9055F9}.Debug|Any CPU.Build.0 = Debug|Any CPU
		{7F319C77-98EB-4BF0-B614-00BBBA9055F9}.Release|Any CPU.ActiveCfg = Release|Any CPU
		{7F319C77-98EB-4BF0-B614-00BBBA9055F9}.Release|Any CPU.Build.0 = Release|Any CPU
		{561FDC38-FF5A-49C4-A091-28FEC188E14A}.Debug|Any CPU.ActiveCfg = Debug|Any CPU
		{561FDC38-FF5A-49C4-A091-28FEC188E14A}.Debug|Any CPU.Build.0 = Debug|Any CPU
		{561FDC38-FF5A-49C4-A091-28FEC188E14A}.Release|Any CPU.ActiveCfg = Release|Any CPU
		{561FDC38-FF5A-49C4-A091-28FEC188E14A}.Release|Any CPU.Build.0 = Release|Any CPU
	EndGlobalSection
	GlobalSection(SolutionProperties) = preSolution
		HideSolutionNode = FALSE
	EndGlobalSection
	GlobalSection(ExtensibilityGlobals) = postSolution
		SolutionGuid = {4DAFC4B0-05A9-47F5-9077-D86215A3A2E9}
	EndGlobalSection
EndGlobal
